// !$*UTF8*$!
{
	archiveVersion = 1;
	classes = {
	};
	objectVersion = 46;
	objects = {

/* Begin PBXBuildFile section */
		EFBB82AA1D3616AD00FFABF0 /* UIImageExtension.swift in Sources */ = {isa = PBXBuildFile; fileRef = EFBB82A91D3616AD00FFABF0 /* UIImageExtension.swift */; };
		EFD3B39B1D35E2720019F874 /* AppDelegate.swift in Sources */ = {isa = PBXBuildFile; fileRef = EFD3B39A1D35E2720019F874 /* AppDelegate.swift */; };
		EFD3B39D1D35E2720019F874 /* HAudioPlayerViewController.swift in Sources */ = {isa = PBXBuildFile; fileRef = EFD3B39C1D35E2720019F874 /* HAudioPlayerViewController.swift */; };
		EFD3B3A01D35E2720019F874 /* Main.storyboard in Resources */ = {isa = PBXBuildFile; fileRef = EFD3B39E1D35E2720019F874 /* Main.storyboard */; };
		EFD3B3A21D35E2720019F874 /* Assets.xcassets in Resources */ = {isa = PBXBuildFile; fileRef = EFD3B3A11D35E2720019F874 /* Assets.xcassets */; };
		EFD3B3A51D35E2720019F874 /* LaunchScreen.storyboard in Resources */ = {isa = PBXBuildFile; fileRef = EFD3B3A31D35E2720019F874 /* LaunchScreen.storyboard */; };
		EFD3B3AD1D35E2BB0019F874 /* HAudioPlayer.swift in Sources */ = {isa = PBXBuildFile; fileRef = EFD3B3AC1D35E2BB0019F874 /* HAudioPlayer.swift */; };
		EFD3B3AF1D35E3150019F874 /* HAudio.swift in Sources */ = {isa = PBXBuildFile; fileRef = EFD3B3AE1D35E3150019F874 /* HAudio.swift */; };
		EFD3B3BA1D35F3E60019F874 /* music1.mp3 in Resources */ = {isa = PBXBuildFile; fileRef = EFD3B3B71D35F3E60019F874 /* music1.mp3 */; };
		EFD3B3BB1D35F3E60019F874 /* music0.mp3 in Resources */ = {isa = PBXBuildFile; fileRef = EFD3B3B81D35F3E60019F874 /* music0.mp3 */; };
		EFD3B3BC1D35F3E60019F874 /* music2.mp3 in Resources */ = {isa = PBXBuildFile; fileRef = EFD3B3B91D35F3E60019F874 /* music2.mp3 */; };
		EFD3B3C41D35F4950019F874 /* NSDateExtension.swift in Sources */ = {isa = PBXBuildFile; fileRef = EFD3B3C31D35F4950019F874 /* NSDateExtension.swift */; };
/* End PBXBuildFile section */

/* Begin PBXFileReference section */
		EFBB82A91D3616AD00FFABF0 /* UIImageExtension.swift */ = {isa = PBXFileReference; fileEncoding = 4; lastKnownFileType = sourcecode.swift; path = UIImageExtension.swift; sourceTree = "<group>"; };
		EFD3B3971D35E2720019F874 /* HAudioPlayer.app */ = {isa = PBXFileReference; explicitFileType = wrapper.application; includeInIndex = 0; path = HAudioPlayer.app; sourceTree = BUILT_PRODUCTS_DIR; };
		EFD3B39A1D35E2720019F874 /* AppDelegate.swift */ = {isa = PBXFileReference; lastKnownFileType = sourcecode.swift; path = AppDelegate.swift; sourceTree = "<group>"; };
		EFD3B39C1D35E2720019F874 /* HAudioPlayerViewController.swift */ = {isa = PBXFileReference; lastKnownFileType = sourcecode.swift; path = HAudioPlayerViewController.swift; sourceTree = "<group>"; };
		EFD3B39F1D35E2720019F874 /* Base */ = {isa = PBXFileReference; lastKnownFileType = file.storyboard; name = Base; path = Base.lproj/Main.storyboard; sourceTree = "<group>"; };
		EFD3B3A11D35E2720019F874 /* Assets.xcassets */ = {isa = PBXFileReference; lastKnownFileType = folder.assetcatalog; path = Assets.xcassets; sourceTree = "<group>"; };
		EFD3B3A41D35E2720019F874 /* Base */ = {isa = PBXFileReference; lastKnownFileType = file.storyboard; name = Base; path = Base.lproj/LaunchScreen.storyboard; sourceTree = "<group>"; };
		EFD3B3A61D35E2720019F874 /* Info.plist */ = {isa = PBXFileReference; lastKnownFileType = text.plist.xml; path = Info.plist; sourceTree = "<group>"; };
		EFD3B3AC1D35E2BB0019F874 /* HAudioPlayer.swift */ = {isa = PBXFileReference; fileEncoding = 4; lastKnownFileType = sourcecode.swift; path = HAudioPlayer.swift; sourceTree = "<group>"; };
		EFD3B3AE1D35E3150019F874 /* HAudio.swift */ = {isa = PBXFileReference; fileEncoding = 4; lastKnownFileType = sourcecode.swift; path = HAudio.swift; sourceTree = "<group>"; };
		EFD3B3B71D35F3E60019F874 /* music1.mp3 */ = {isa = PBXFileReference; lastKnownFileType = audio.mp3; name = music1.mp3; path = Resources/music1.mp3; sourceTree = "<group>"; };
		EFD3B3B81D35F3E60019F874 /* music0.mp3 */ = {isa = PBXFileReference; lastKnownFileType = audio.mp3; name = music0.mp3; path = Resources/music0.mp3; sourceTree = "<group>"; };
		EFD3B3B91D35F3E60019F874 /* music2.mp3 */ = {isa = PBXFileReference; lastKnownFileType = audio.mp3; name = music2.mp3; path = Resources/music2.mp3; sourceTree = "<group>"; };
		EFD3B3C31D35F4950019F874 /* NSDateExtension.swift */ = {isa = PBXFileReference; fileEncoding = 4; lastKnownFileType = sourcecode.swift; path = NSDateExtension.swift; sourceTree = "<group>"; };
/* End PBXFileReference section */

/* Begin PBXFrameworksBuildPhase section */
		EFD3B3941D35E2720019F874 /* Frameworks */ = {
			isa = PBXFrameworksBuildPhase;
			buildActionMask = 2147483647;
			files = (
			);
			runOnlyForDeploymentPostprocessing = 0;
		};
/* End PBXFrameworksBuildPhase section */

/* Begin PBXGroup section */
		EFD3B38E1D35E2720019F874 = {
			isa = PBXGroup;
			children = (
				EFD3B3C21D35F4660019F874 /* Extension */,
				EFD3B3B61D35EE230019F874 /* Resources */,
				EFD3B3991D35E2720019F874 /* HAudioPlayer */,
				EFD3B3981D35E2720019F874 /* Products */,
			);
			sourceTree = "<group>";
		};
		EFD3B3981D35E2720019F874 /* Products */ = {
			isa = PBXGroup;
			children = (
				EFD3B3971D35E2720019F874 /* HAudioPlayer.app */,
			);
			name = Products;
			sourceTree = "<group>";
		};
		EFD3B3991D35E2720019F874 /* HAudioPlayer */ = {
			isa = PBXGroup;
			children = (
				EFD3B39A1D35E2720019F874 /* AppDelegate.swift */,
				EFD3B3AE1D35E3150019F874 /* HAudio.swift */,
				EFD3B3AC1D35E2BB0019F874 /* HAudioPlayer.swift */,
				EFD3B39C1D35E2720019F874 /* HAudioPlayerViewController.swift */,
				EFD3B39E1D35E2720019F874 /* Main.storyboard */,
				EFD3B3A11D35E2720019F874 /* Assets.xcassets */,
				EFD3B3A31D35E2720019F874 /* LaunchScreen.storyboard */,
				EFD3B3A61D35E2720019F874 /* Info.plist */,
			);
			path = HAudioPlayer;
			sourceTree = "<group>";
		};
		EFD3B3B61D35EE230019F874 /* Resources */ = {
			isa = PBXGroup;
			children = (
				EFD3B3B71D35F3E60019F874 /* music1.mp3 */,
				EFD3B3B81D35F3E60019F874 /* music0.mp3 */,
				EFD3B3B91D35F3E60019F874 /* music2.mp3 */,
			);
			name = Resources;
			sourceTree = "<group>";
		};
		EFD3B3C21D35F4660019F874 /* Extension */ = {
			isa = PBXGroup;
			children = (
				EFD3B3C31D35F4950019F874 /* NSDateExtension.swift */,
				EFBB82A91D3616AD00FFABF0 /* UIImageExtension.swift */,
			);
			name = Extension;
			sourceTree = "<group>";
		};
/* End PBXGroup section */

/* Begin PBXNativeTarget section */
		EFD3B3961D35E2720019F874 /* HAudioPlayer */ = {
			isa = PBXNativeTarget;
			buildConfigurationList = EFD3B3A91D35E2720019F874 /* Build configuration list for PBXNativeTarget "HAudioPlayer" */;
			buildPhases = (
				EFD3B3931D35E2720019F874 /* Sources */,
				EFD3B3941D35E2720019F874 /* Frameworks */,
				EFD3B3951D35E2720019F874 /* Resources */,
			);
			buildRules = (
			);
			dependencies = (
			);
			name = HAudioPlayer;
			productName = HAudioPlayer;
			productReference = EFD3B3971D35E2720019F874 /* HAudioPlayer.app */;
			productType = "com.apple.product-type.application";
		};
/* End PBXNativeTarget section */

/* Begin PBXProject section */
		EFD3B38F1D35E2720019F874 /* Project object */ = {
			isa = PBXProject;
			attributes = {
				LastSwiftUpdateCheck = 0730;
				LastUpgradeCheck = 0730;
				ORGANIZATIONNAME = Hale;
				TargetAttributes = {
					EFD3B3961D35E2720019F874 = {
						CreatedOnToolsVersion = 7.3.1;
						SystemCapabilities = {
							com.apple.BackgroundModes = {
								enabled = 1;
							};
						};
					};
				};
			};
			buildConfigurationList = EFD3B3921D35E2720019F874 /* Build configuration list for PBXProject "HAudioPlayer" */;
			compatibilityVersion = "Xcode 3.2";
			developmentRegion = English;
			hasScannedForEncodings = 0;
			knownRegions = (
				en,
				Base,
			);
			mainGroup = EFD3B38E1D35E2720019F874;
			productRefGroup = EFD3B3981D35E2720019F874 /* Products */;
			projectDirPath = "";
			projectRoot = "";
			targets = (
				EFD3B3961D35E2720019F874 /* HAudioPlayer */,
			);
		};
/* End PBXProject section */

/* Begin PBXResourcesBuildPhase section */
		EFD3B3951D35E2720019F874 /* Resources */ = {
			isa = PBXResourcesBuildPhase;
			buildActionMask = 2147483647;
			files = (
				EFD3B3A51D35E2720019F874 /* LaunchScreen.storyboard in Resources */,
				EFD3B3A21D35E2720019F874 /* Assets.xcassets in Resources */,
				EFD3B3A01D35E2720019F874 /* Main.storyboard in Resources */,
				EFD3B3BC1D35F3E60019F874 /* music2.mp3 in Resources */,
				EFD3B3BA1D35F3E60019F874 /* music1.mp3 in Resources */,
				EFD3B3BB1D35F3E60019F874 /* music0.mp3 in Resources */,
			);
			runOnlyForDeploymentPostprocessing = 0;
		};
/* End PBXResourcesBuildPhase section */

/* Begin PBXSourcesBuildPhase section */
		EFD3B3931D35E2720019F874 /* Sources */ = {
			isa = PBXSourcesBuildPhase;
			buildActionMask = 2147483647;
			files = (
				EFD3B3C41D35F4950019F874 /* NSDateExtension.swift in Sources */,
				EFD3B3AD1D35E2BB0019F874 /* HAudioPlayer.swift in Sources */,
				EFBB82AA1D3616AD00FFABF0 /* UIImageExtension.swift in Sources */,
				EFD3B3AF1D35E3150019F874 /* HAudio.swift in Sources */,
				EFD3B39D1D35E2720019F874 /* HAudioPlayerViewController.swift in Sources */,
				EFD3B39B1D35E2720019F874 /* AppDelegate.swift in Sources */,
			);
			runOnlyForDeploymentPostprocessing = 0;
		};
/* End PBXSourcesBuildPhase section */

/* Begin PBXVariantGroup section */
		EFD3B39E1D35E2720019F874 /* Main.storyboard */ = {
			isa = PBXVariantGroup;
			children = (
				EFD3B39F1D35E2720019F874 /* Base */,
			);
			name = Main.storyboard;
			sourceTree = "<group>";
		};
		EFD3B3A31D35E2720019F874 /* LaunchScreen.storyboard */ = {
			isa = PBXVariantGroup;
			children = (
				EFD3B3A41D35E2720019F874 /* Base */,
			);
			name = LaunchScreen.storyboard;
			sourceTree = "<group>";
		};
/* End PBXVariantGroup section */

/* Begin XCBuildConfiguration section */
		EFD3B3A71D35E2720019F874 /* Debug */ = {
			isa = XCBuildConfiguration;
			buildSettings = {
				ALWAYS_SEARCH_USER_PATHS = NO;
				CLANG_ANALYZER_NONNULL = YES;
				CLANG_CXX_LANGUAGE_STANDARD = "gnu++0x";
				CLANG_CXX_LIBRARY = "libc++";
				CLANG_ENABLE_MODULES = YES;
				CLANG_ENABLE_OBJC_ARC = YES;
				CLANG_WARN_BOOL_CONVERSION = YES;
				CLANG_WARN_CONSTANT_CONVERSION = YES;
				CLANG_WARN_DIRECT_OBJC_ISA_USAGE = YES_ERROR;
				CLANG_WARN_EMPTY_BODY = YES;
				CLANG_WARN_ENUM_CONVERSION = YES;
				CLANG_WARN_INT_CONVERSION = YES;
				CLANG_WARN_OBJC_ROOT_CLASS = YES_ERROR;
				CLANG_WARN_UNREACHABLE_CODE = YES;
				CLANG_WARN__DUPLICATE_METHOD_MATCH = YES;
				"CODE_SIGN_IDENTITY[sdk=iphoneos*]" = "iPhone Developer";
				COPY_PHASE_STRIP = NO;
				DEBUG_INFORMATION_FORMAT = dwarf;
				ENABLE_STRICT_OBJC_MSGSEND = YES;
				ENABLE_TESTABILITY = YES;
				GCC_C_LANGUAGE_STANDARD = gnu99;
				GCC_DYNAMIC_NO_PIC = NO;
				GCC_NO_COMMON_BLOCKS = YES;
				GCC_OPTIMIZATION_LEVEL = 0;
				GCC_PREPROCESSOR_DEFINITIONS = (
					"DEBUG=1",
					"$(inherited)",
				);
				GCC_WARN_64_TO_32_BIT_CONVERSION = YES;
				GCC_WARN_ABOUT_RETURN_TYPE = YES_ERROR;
				GCC_WARN_UNDECLARED_SELECTOR = YES;
				GCC_WARN_UNINITIALIZED_AUTOS = YES_AGGRESSIVE;
				GCC_WARN_UNUSED_FUNCTION = YES;
				GCC_WARN_UNUSED_VARIABLE = YES;
				IPHONEOS_DEPLOYMENT_TARGET = 9.3;
				MTL_ENABLE_DEBUG_INFO = YES;
				ONLY_ACTIVE_ARCH = YES;
				SDKROOT = iphoneos;
				SWIFT_OPTIMIZATION_LEVEL = "-Onone";
				TARGETED_DEVICE_FAMILY = "1,2";
			};
			name = Debug;
		};
		EFD3B3A81D35E2720019F874 /* Release */ = {
			isa = XCBuildConfiguration;
			buildSettings = {
				ALWAYS_SEARCH_USER_PATHS = NO;
				CLANG_ANALYZER_NONNULL = YES;
				CLANG_CXX_LANGUAGE_STANDARD = "gnu++0x";
				CLANG_CXX_LIBRARY = "libc++";
				CLANG_ENABLE_MODULES = YES;
				CLANG_ENABLE_OBJC_ARC = YES;
				CLANG_WARN_BOOL_CONVERSION = YES;
				CLANG_WARN_CONSTANT_CONVERSION = YES;
				CLANG_WARN_DIRECT_OBJC_ISA_USAGE = YES_ERROR;
				CLANG_WARN_EMPTY_BODY = YES;
				CLANG_WARN_ENUM_CONVERSION = YES;
				CLANG_WARN_INT_CONVERSION = YES;
				CLANG_WARN_OBJC_ROOT_CLASS = YES_ERROR;
				CLANG_WARN_UNREACHABLE_CODE = YES;
				CLANG_WARN__DUPLICATE_METHOD_MATCH = YES;
				"CODE_SIGN_IDENTITY[sdk=iphoneos*]" = "iPhone Developer";
				COPY_PHASE_STRIP = NO;
				DEBUG_INFORMATION_FORMAT = "dwarf-with-dsym";
				ENABLE_NS_ASSERTIONS = NO;
				ENABLE_STRICT_OBJC_MSGSEND = YES;
				GCC_C_LANGUAGE_STANDARD = gnu99;
				GCC_NO_COMMON_BLOCKS = YES;
				GCC_WARN_64_TO_32_BIT_CONVERSION = YES;
				GCC_WARN_ABOUT_RETURN_TYPE = YES_ERROR;
				GCC_WARN_UNDECLARED_SELECTOR = YES;
				GCC_WARN_UNINITIALIZED_AUTOS = YES_AGGRESSIVE;
				GCC_WARN_UNUSED_FUNCTION = YES;
				GCC_WARN_UNUSED_VARIABLE = YES;
				IPHONEOS_DEPLOYMENT_TARGET = 9.3;
				MTL_ENABLE_DEBUG_INFO = NO;
				SDKROOT = iphoneos;
				TARGETED_DEVICE_FAMILY = "1,2";
				VALIDATE_PRODUCT = YES;
			};
			name = Release;
		};
		EFD3B3AA1D35E2720019F874 /* Debug */ = {
			isa = XCBuildConfiguration;
			buildSettings = {
				ASSETCATALOG_COMPILER_APPICON_NAME = AppIcon;
				CLANG_ENABLE_MODULES = YES;
				INFOPLIST_FILE = HAudioPlayer/Info.plist;
				LD_RUNPATH_SEARCH_PATHS = "$(inherited) @executable_path/Frameworks";
				PRODUCT_BUNDLE_IDENTIFIER = com.design.HAudioPlayer;
				PRODUCT_NAME = "$(TARGET_NAME)";
				SWIFT_OBJC_BRIDGING_HEADER = "";
				SWIFT_OPTIMIZATION_LEVEL = "-Onone";
			};
			name = Debug;
		};
		EFD3B3AB1D35E2720019F874 /* Release */ = {
			isa = XCBuildConfiguration;
			buildSettings = {
				ASSETCATALOG_COMPILER_APPICON_NAME = AppIcon;
				CLANG_ENABLE_MODULES = YES;
				INFOPLIST_FILE = HAudioPlayer/Info.plist;
				LD_RUNPATH_SEARCH_PATHS = "$(inherited) @executable_path/Frameworks";
				PRODUCT_BUNDLE_IDENTIFIER = com.design.HAudioPlayer;
				PRODUCT_NAME = "$(TARGET_NAME)";
				SWIFT_OBJC_BRIDGING_HEADER = "";
			};
			name = Release;
		};
/* End XCBuildConfiguration section */

/* Begin XCConfigurationList section */
		EFD3B3921D35E2720019F874 /* Build configuration list for PBXProject "HAudioPlayer" */ = {
			isa = XCConfigurationList;
			buildConfigurations = (
				EFD3B3A71D35E2720019F874 /* Debug */,
				EFD3B3A81D35E2720019F874 /* Release */,
			);
			defaultConfigurationIsVisible = 0;
			defaultConfigurationName = Release;
		};
		EFD3B3A91D35E2720019F874 /* Build configuration list for PBXNativeTarget "HAudioPlayer" */ = {
			isa = XCConfigurationList;
			buildConfigurations = (
				EFD3B3AA1D35E2720019F874 /* Debug */,
				EFD3B3AB1D35E2720019F874 /* Release */,
			);
			defaultConfigurationIsVisible = 0;
			defaultConfigurationName = Release;
		};
/* End XCConfigurationList section */
	};
	rootObject = EFD3B38F1D35E2720019F874 /* Project object */;
}
